
Microsoft Visual Studio Solution File, Format Version 12.00
# Visual Studio 15
VisualStudioVersion = 15.0.27703.2047
MinimumVisualStudioVersion = 10.0.40219.1
Project("{FAE04EC0-301F-11D3-BF4B-00C04F79EFBC}") = "Clase05.Entidades", "Clase05.Entidades\Clase05.Entidades.csproj", "{53EBF34F-4A8E-4AC0-BCEE-EA37FEB7F9D5}"
EndProject
Project("{FAE04EC0-301F-11D3-BF4B-00C04F79EFBC}") = "Clase05.Test", "Clase05.Test\Clase05.Test.csproj", "{B3E3C542-0391-4E6C-95D1-D3BB4305FC88}"
EndProject
Global
	GlobalSection(SolutionConfigurationPlatforms) = preSolution
		Debug|Any CPU = Debug|Any CPU
		Release|Any CPU = Release|Any CPU
	EndGlobalSection
	GlobalSection(ProjectConfigurationPlatforms) = postSolution
		{53EBF34F-4A8E-4AC0-BCEE-EA37FEB7F9D5}.Debug|Any CPU.ActiveCfg = Debug|Any CPU
		{53EBF34F-4A8E-4AC0-BCEE-EA37FEB7F9D5}.Debug|Any CPU.Build.0 = Debug|Any CPU
		{53EBF34F-4A8E-4AC0-BCEE-EA37FEB7F9D5}.Release|Any CPU.ActiveCfg = Release|Any CPU
		{53EBF34F-4A8E-4AC0-BCEE-EA37FEB7F9D5}.Release|Any CPU.Build.0 = Release|Any CPU
		{B3E3C542-0391-4E6C-95D1-D3BB4305FC88}.Debug|Any CPU.ActiveCfg = Debug|Any CPU
		{B3E3C542-0391-4E6C-95D1-D3BB4305FC88}.Debug|Any CPU.Build.0 = Debug|Any CPU
		{B3E3C542-0391-4E6C-95D1-D3BB4305FC88}.Release|Any CPU.ActiveCfg = Release|Any CPU
		{B3E3C542-0391-4E6C-95D1-D3BB4305FC88}.Release|Any CPU.Build.0 = Release|Any CPU
	EndGlobalSection
	GlobalSection(SolutionProperties) = preSolution
		HideSolutionNode = FALSE
	EndGlobalSection
	GlobalSection(ExtensibilityGlobals) = postSolution
		SolutionGuid = {DAF3D918-5D16-4549-BFD2-17964B4D040C}
	EndGlobalSection
EndGlobal
